
Microsoft Visual Studio Solution File, Format Version 12.00
# Visual Studio Version 17
VisualStudioVersion = 17.8.34309.116
MinimumVisualStudioVersion = 10.0.40219.1
Project("{FAE04EC0-301F-11D3-BF4B-00C04F79EFBC}") = "CollectionTests", "CollectionTests\CollectionTests.csproj", "{47D4D75A-37F5-42E9-ACC8-A159D073DD21}"
EndProject
Project("{FAE04EC0-301F-11D3-BF4B-00C04F79EFBC}") = "MyCollectionLibrary", "MyCollectionLibrary\MyCollectionLibrary.csproj", "{84BAB406-B8C5-414E-BD98-627B377B5940}"
EndProject
Global
	GlobalSection(SolutionConfigurationPlatforms) = preSolution
		Debug|Any CPU = Debug|Any CPU
		Release|Any CPU = Release|Any CPU
	EndGlobalSection
	GlobalSection(ProjectConfigurationPlatforms) = postSolution
		{47D4D75A-37F5-42E9-ACC8-A159D073DD21}.Debug|Any CPU.ActiveCfg = Debug|Any CPU
		{47D4D75A-37F5-42E9-ACC8-A159D073DD21}.Debug|Any CPU.Build.0 = Debug|Any CPU
		{47D4D75A-37F5-42E9-ACC8-A159D073DD21}.Release|Any CPU.ActiveCfg = Release|Any CPU
		{47D4D75A-37F5-42E9-ACC8-A159D073DD21}.Release|Any CPU.Build.0 = Release|Any CPU
		{84BAB406-B8C5-414E-BD98-627B377B5940}.Debug|Any CPU.ActiveCfg = Debug|Any CPU
		{84BAB406-B8C5-414E-BD98-627B377B5940}.Debug|Any CPU.Build.0 = Debug|Any CPU
		{84BAB406-B8C5-414E-BD98-627B377B5940}.Release|Any CPU.ActiveCfg = Release|Any CPU
		{84BAB406-B8C5-414E-BD98-627B377B5940}.Release|Any CPU.Build.0 = Release|Any CPU
	EndGlobalSection
	GlobalSection(SolutionProperties) = preSolution
		HideSolutionNode = FALSE
	EndGlobalSection
	GlobalSection(ExtensibilityGlobals) = postSolution
		SolutionGuid = {8673A05E-1E62-4B6A-8939-02A5F680039B}
	EndGlobalSection
EndGlobal
